// !$*UTF8*$!
{
	archiveVersion = 1;
	classes = {
	};
	objectVersion = 46;
	objects = {

/* Begin PBXBuildFile section */
		DEA5A2C61A48FC8E00079845 /* AppDelegate.swift in Sources */ = {isa = PBXBuildFile; fileRef = DEA5A2C51A48FC8E00079845 /* AppDelegate.swift */; };
		DEA5A2C81A48FC8E00079845 /* ViewController.swift in Sources */ = {isa = PBXBuildFile; fileRef = DEA5A2C71A48FC8E00079845 /* ViewController.swift */; };
		DEA5A2CB1A48FC8F00079845 /* Main.storyboard in Resources */ = {isa = PBXBuildFile; fileRef = DEA5A2C91A48FC8F00079845 /* Main.storyboard */; };
		DEA5A2CD1A48FC8F00079845 /* Images.xcassets in Resources */ = {isa = PBXBuildFile; fileRef = DEA5A2CC1A48FC8F00079845 /* Images.xcassets */; };
		DEA5A2D01A48FC8F00079845 /* LaunchScreen.xib in Resources */ = {isa = PBXBuildFile; fileRef = DEA5A2CE1A48FC8F00079845 /* LaunchScreen.xib */; };
		DEA5A2DC1A48FC8F00079845 /* _2Tests.swift in Sources */ = {isa = PBXBuildFile; fileRef = DEA5A2DB1A48FC8F00079845 /* _2Tests.swift */; };
		DEA5A3181A48FD8E00079845 /* sample-01-refresh.png in Resources */ = {isa = PBXBuildFile; fileRef = DEA5A2E61A48FD8E00079845 /* sample-01-refresh.png */; };
		DEA5A3191A48FD8E00079845 /* sample-02-redo.png in Resources */ = {isa = PBXBuildFile; fileRef = DEA5A2E71A48FD8E00079845 /* sample-02-redo.png */; };
		DEA5A31A1A48FD8E00079845 /* sample-03-loopback.png in Resources */ = {isa = PBXBuildFile; fileRef = DEA5A2E81A48FD8E00079845 /* sample-03-loopback.png */; };
		DEA5A31B1A48FD8E00079845 /* sample-04-squiggle.png in Resources */ = {isa = PBXBuildFile; fileRef = DEA5A2E91A48FD8E00079845 /* sample-04-squiggle.png */; };
		DEA5A31C1A48FD8E00079845 /* sample-05-shuffle.png in Resources */ = {isa = PBXBuildFile; fileRef = DEA5A2EA1A48FD8E00079845 /* sample-05-shuffle.png */; };
		DEA5A31D1A48FD8E00079845 /* sample-302-swords.png in Resources */ = {isa = PBXBuildFile; fileRef = DEA5A2EB1A48FD8E00079845 /* sample-302-swords.png */; };
		DEA5A31E1A48FD8E00079845 /* sample-305-palm-tree.png in Resources */ = {isa = PBXBuildFile; fileRef = DEA5A2EC1A48FD8E00079845 /* sample-305-palm-tree.png */; };
		DEA5A31F1A48FD8E00079845 /* sample-307-atom.png in Resources */ = {isa = PBXBuildFile; fileRef = DEA5A2ED1A48FD8E00079845 /* sample-307-atom.png */; };
		DEA5A3201A48FD8E00079845 /* sample-316-truck.png in Resources */ = {isa = PBXBuildFile; fileRef = DEA5A2EE1A48FD8E00079845 /* sample-316-truck.png */; };
		DEA5A3211A48FD8E00079845 /* sample-321-like.png in Resources */ = {isa = PBXBuildFile; fileRef = DEA5A2EF1A48FD8E00079845 /* sample-321-like.png */; };
		DEA5A3221A48FD8E00079845 /* sample-335-magic-wand.png in Resources */ = {isa = PBXBuildFile; fileRef = DEA5A2F01A48FD8E00079845 /* sample-335-magic-wand.png */; };
		DEA5A3231A48FD8E00079845 /* sample-379-barbell.png in Resources */ = {isa = PBXBuildFile; fileRef = DEA5A2F11A48FD8E00079845 /* sample-379-barbell.png */; };
		DEA5A3241A48FD8E00079845 /* sample-394-bank.png in Resources */ = {isa = PBXBuildFile; fileRef = DEA5A2F21A48FD8E00079845 /* sample-394-bank.png */; };
		DEA5A3251A48FD8E00079845 /* sample-401-globe.png in Resources */ = {isa = PBXBuildFile; fileRef = DEA5A2F31A48FD8E00079845 /* sample-401-globe.png */; };
		DEA5A3261A48FD8E00079845 /* sample-405-test-tube.png in Resources */ = {isa = PBXBuildFile; fileRef = DEA5A2F41A48FD8E00079845 /* sample-405-test-tube.png */; };
		DEA5A3271A48FD8E00079845 /* sample-504-doghouse.png in Resources */ = {isa = PBXBuildFile; fileRef = DEA5A2F51A48FD8E00079845 /* sample-504-doghouse.png */; };
		DEA5A3281A48FD8E00079845 /* sample-518-filter.png in Resources */ = {isa = PBXBuildFile; fileRef = DEA5A2F61A48FD8E00079845 /* sample-518-filter.png */; };
		DEA5A3291A48FD8E00079845 /* sample-552-flag-1.png in Resources */ = {isa = PBXBuildFile; fileRef = DEA5A2F71A48FD8E00079845 /* sample-552-flag-1.png */; };
		DEA5A32A1A48FD8E00079845 /* sample-583-broadcast.png in Resources */ = {isa = PBXBuildFile; fileRef = DEA5A2F81A48FD8E00079845 /* sample-583-broadcast.png */; };
		DEA5A32B1A48FD8E00079845 /* sample-603-anchor.png in Resources */ = {isa = PBXBuildFile; fileRef = DEA5A2F91A48FD8E00079845 /* sample-603-anchor.png */; };
		DEA5A32C1A48FD8E00079845 /* sample-776-recycle@2x.png in Resources */ = {isa = PBXBuildFile; fileRef = DEA5A2FA1A48FD8E00079845 /* sample-776-recycle@2x.png */; };
		DEA5A32D1A48FD8E00079845 /* sample-820-bathtub@2x.png in Resources */ = {isa = PBXBuildFile; fileRef = DEA5A2FB1A48FD8E00079845 /* sample-820-bathtub@2x.png */; };
		DEA5A32E1A48FD8E00079845 /* sample-821-stamp@2x.png in Resources */ = {isa = PBXBuildFile; fileRef = DEA5A2FC1A48FD8E00079845 /* sample-821-stamp@2x.png */; };
		DEA5A32F1A48FD8E00079845 /* sample-834-bolt@2x.png in Resources */ = {isa = PBXBuildFile; fileRef = DEA5A2FD1A48FD8E00079845 /* sample-834-bolt@2x.png */; };
		DEA5A3301A48FD8E00079845 /* sample-844-trumpet@2x.png in Resources */ = {isa = PBXBuildFile; fileRef = DEA5A2FE1A48FD8E00079845 /* sample-844-trumpet@2x.png */; };
		DEA5A3311A48FD8E00079845 /* sample-853-fence@2x.png in Resources */ = {isa = PBXBuildFile; fileRef = DEA5A2FF1A48FD8E00079845 /* sample-853-fence@2x.png */; };
		DEA5A3321A48FD8E00079845 /* sample-855-door@2x.png in Resources */ = {isa = PBXBuildFile; fileRef = DEA5A3001A48FD8E00079845 /* sample-855-door@2x.png */; };
		DEA5A3331A48FD8E00079845 /* sample-881-globe@2x.png in Resources */ = {isa = PBXBuildFile; fileRef = DEA5A3011A48FD8E00079845 /* sample-881-globe@2x.png */; };
		DEA5A3341A48FD8E00079845 /* sample-886-ice-cream-cone@2x.png in Resources */ = {isa = PBXBuildFile; fileRef = DEA5A3021A48FD8E00079845 /* sample-886-ice-cream-cone@2x.png */; };
		DEA5A3351A48FD8E00079845 /* sample-894-t-shirt@2x.png in Resources */ = {isa = PBXBuildFile; fileRef = DEA5A3031A48FD8E00079845 /* sample-894-t-shirt@2x.png */; };
		DEA5A3361A48FD8E00079845 /* sample-908-target@2x.png in Resources */ = {isa = PBXBuildFile; fileRef = DEA5A3041A48FD8E00079845 /* sample-908-target@2x.png */; };
		DEA5A3371A48FD8E00079845 /* sample-920-handbag@2x.png in Resources */ = {isa = PBXBuildFile; fileRef = DEA5A3051A48FD8E00079845 /* sample-920-handbag@2x.png */; };
		DEA5A3381A48FD8E00079845 /* sample-935-power-socket@2x.png in Resources */ = {isa = PBXBuildFile; fileRef = DEA5A3061A48FD8E00079845 /* sample-935-power-socket@2x.png */; };
		DEA5A3391A48FD8E00079845 /* sample-976-bow-and-arrow@2x.png in Resources */ = {isa = PBXBuildFile; fileRef = DEA5A3071A48FD8E00079845 /* sample-976-bow-and-arrow@2x.png */; };
		DEA5A33A1A48FD8E00079845 /* sample-986-ghost@2x.png in Resources */ = {isa = PBXBuildFile; fileRef = DEA5A3081A48FD8E00079845 /* sample-986-ghost@2x.png */; };
		DEA5A33B1A48FD8E00079845 /* sample-1004-voicemail@2x.png in Resources */ = {isa = PBXBuildFile; fileRef = DEA5A3091A48FD8E00079845 /* sample-1004-voicemail@2x.png */; };
		DEA5A33C1A48FD8E00079845 /* sample-1012-sticky-note@2x.png in Resources */ = {isa = PBXBuildFile; fileRef = DEA5A30A1A48FD8E00079845 /* sample-1012-sticky-note@2x.png */; };
		DEA5A33D1A48FD8E00079845 /* sample-1013-hammer@2x.png in Resources */ = {isa = PBXBuildFile; fileRef = DEA5A30B1A48FD8E00079845 /* sample-1013-hammer@2x.png */; };
		DEA5A33E1A48FD8E00079845 /* sample-1040-checkmark@2x.png in Resources */ = {isa = PBXBuildFile; fileRef = DEA5A30C1A48FD8E00079845 /* sample-1040-checkmark@2x.png */; };
		DEA5A33F1A48FD8E00079845 /* sample-1049-at-sign@2x.png in Resources */ = {isa = PBXBuildFile; fileRef = DEA5A30D1A48FD8E00079845 /* sample-1049-at-sign@2x.png */; };
		DEA5A3401A48FD8E00079845 /* sample-1055-ticket@2x.png in Resources */ = {isa = PBXBuildFile; fileRef = DEA5A30E1A48FD8E00079845 /* sample-1055-ticket@2x.png */; };
		DEA5A3411A48FD8E00079845 /* sample-1067-enter-fullscreen@2x.png in Resources */ = {isa = PBXBuildFile; fileRef = DEA5A30F1A48FD8E00079845 /* sample-1067-enter-fullscreen@2x.png */; };
		DEA5A3421A48FD8E00079845 /* sample-1079-fork-path@2x.png in Resources */ = {isa = PBXBuildFile; fileRef = DEA5A3101A48FD8E00079845 /* sample-1079-fork-path@2x.png */; };
		DEA5A3431A48FD8E00079845 /* sample-1082-merge@2x.png in Resources */ = {isa = PBXBuildFile; fileRef = DEA5A3111A48FD8E00079845 /* sample-1082-merge@2x.png */; };
		DEA5A3441A48FD8E00079845 /* sample-1093-lightning-bolt-2@2x.png in Resources */ = {isa = PBXBuildFile; fileRef = DEA5A3121A48FD8E00079845 /* sample-1093-lightning-bolt-2@2x.png */; };
		DEA5A3451A48FD8E00079845 /* sample-1111-flick-left@2x.png in Resources */ = {isa = PBXBuildFile; fileRef = DEA5A3131A48FD8E00079845 /* sample-1111-flick-left@2x.png */; };
		DEA5A3461A48FD8E00079845 /* sample-1116-slayer-hand@2x.png in Resources */ = {isa = PBXBuildFile; fileRef = DEA5A3141A48FD8E00079845 /* sample-1116-slayer-hand@2x.png */; };
		DEA5A3471A48FD8E00079845 /* sample-1144-baseball-helmet@2x.png in Resources */ = {isa = PBXBuildFile; fileRef = DEA5A3151A48FD8E00079845 /* sample-1144-baseball-helmet@2x.png */; };
		DEA5A3481A48FD8E00079845 /* sample-1189-snake@2x.png in Resources */ = {isa = PBXBuildFile; fileRef = DEA5A3161A48FD8E00079845 /* sample-1189-snake@2x.png */; };
		DEA5A3491A48FD8E00079845 /* sample-1240-group-error@2x.png in Resources */ = {isa = PBXBuildFile; fileRef = DEA5A3171A48FD8E00079845 /* sample-1240-group-error@2x.png */; };
/* End PBXBuildFile section */

/* Begin PBXContainerItemProxy section */
		DEA5A2D61A48FC8F00079845 /* PBXContainerItemProxy */ = {
			isa = PBXContainerItemProxy;
			containerPortal = DEA5A2B81A48FC8E00079845 /* Project object */;
			proxyType = 1;
			remoteGlobalIDString = DEA5A2BF1A48FC8E00079845;
			remoteInfo = 22;
		};
/* End PBXContainerItemProxy section */

/* Begin PBXFileReference section */
		DEA5A2C01A48FC8E00079845 /* 22.app */ = {isa = PBXFileReference; explicitFileType = wrapper.application; includeInIndex = 0; path = 22.app; sourceTree = BUILT_PRODUCTS_DIR; };
		DEA5A2C41A48FC8E00079845 /* Info.plist */ = {isa = PBXFileReference; lastKnownFileType = text.plist.xml; path = Info.plist; sourceTree = "<group>"; };
		DEA5A2C51A48FC8E00079845 /* AppDelegate.swift */ = {isa = PBXFileReference; lastKnownFileType = sourcecode.swift; path = AppDelegate.swift; sourceTree = "<group>"; };
		DEA5A2C71A48FC8E00079845 /* ViewController.swift */ = {isa = PBXFileReference; lastKnownFileType = sourcecode.swift; path = ViewController.swift; sourceTree = "<group>"; };
		DEA5A2CA1A48FC8F00079845 /* Base */ = {isa = PBXFileReference; lastKnownFileType = file.storyboard; name = Base; path = Base.lproj/Main.storyboard; sourceTree = "<group>"; };
		DEA5A2CC1A48FC8F00079845 /* Images.xcassets */ = {isa = PBXFileReference; lastKnownFileType = folder.assetcatalog; path = Images.xcassets; sourceTree = "<group>"; };
		DEA5A2CF1A48FC8F00079845 /* Base */ = {isa = PBXFileReference; lastKnownFileType = file.xib; name = Base; path = Base.lproj/LaunchScreen.xib; sourceTree = "<group>"; };
		DEA5A2D51A48FC8F00079845 /* 22Tests.xctest */ = {isa = PBXFileReference; explicitFileType = wrapper.cfbundle; includeInIndex = 0; path = 22Tests.xctest; sourceTree = BUILT_PRODUCTS_DIR; };
		DEA5A2DA1A48FC8F00079845 /* Info.plist */ = {isa = PBXFileReference; lastKnownFileType = text.plist.xml; path = Info.plist; sourceTree = "<group>"; };
		DEA5A2DB1A48FC8F00079845 /* _2Tests.swift */ = {isa = PBXFileReference; lastKnownFileType = sourcecode.swift; path = _2Tests.swift; sourceTree = "<group>"; };
		DEA5A2E61A48FD8E00079845 /* sample-01-refresh.png */ = {isa = PBXFileReference; lastKnownFileType = image.png; path = "sample-01-refresh.png"; sourceTree = "<group>"; };
		DEA5A2E71A48FD8E00079845 /* sample-02-redo.png */ = {isa = PBXFileReference; lastKnownFileType = image.png; path = "sample-02-redo.png"; sourceTree = "<group>"; };
		DEA5A2E81A48FD8E00079845 /* sample-03-loopback.png */ = {isa = PBXFileReference; lastKnownFileType = image.png; path = "sample-03-loopback.png"; sourceTree = "<group>"; };
		DEA5A2E91A48FD8E00079845 /* sample-04-squiggle.png */ = {isa = PBXFileReference; lastKnownFileType = image.png; path = "sample-04-squiggle.png"; sourceTree = "<group>"; };
		DEA5A2EA1A48FD8E00079845 /* sample-05-shuffle.png */ = {isa = PBXFileReference; lastKnownFileType = image.png; path = "sample-05-shuffle.png"; sourceTree = "<group>"; };
		DEA5A2EB1A48FD8E00079845 /* sample-302-swords.png */ = {isa = PBXFileReference; lastKnownFileType = image.png; path = "sample-302-swords.png"; sourceTree = "<group>"; };
		DEA5A2EC1A48FD8E00079845 /* sample-305-palm-tree.png */ = {isa = PBXFileReference; lastKnownFileType = image.png; path = "sample-305-palm-tree.png"; sourceTree = "<group>"; };
		DEA5A2ED1A48FD8E00079845 /* sample-307-atom.png */ = {isa = PBXFileReference; lastKnownFileType = image.png; path = "sample-307-atom.png"; sourceTree = "<group>"; };
		DEA5A2EE1A48FD8E00079845 /* sample-316-truck.png */ = {isa = PBXFileReference; lastKnownFileType = image.png; path = "sample-316-truck.png"; sourceTree = "<group>"; };
		DEA5A2EF1A48FD8E00079845 /* sample-321-like.png */ = {isa = PBXFileReference; lastKnownFileType = image.png; path = "sample-321-like.png"; sourceTree = "<group>"; };
		DEA5A2F01A48FD8E00079845 /* sample-335-magic-wand.png */ = {isa = PBXFileReference; lastKnownFileType = image.png; path = "sample-335-magic-wand.png"; sourceTree = "<group>"; };
		DEA5A2F11A48FD8E00079845 /* sample-379-barbell.png */ = {isa = PBXFileReference; lastKnownFileType = image.png; path = "sample-379-barbell.png"; sourceTree = "<group>"; };
		DEA5A2F21A48FD8E00079845 /* sample-394-bank.png */ = {isa = PBXFileReference; lastKnownFileType = image.png; path = "sample-394-bank.png"; sourceTree = "<group>"; };
		DEA5A2F31A48FD8E00079845 /* sample-401-globe.png */ = {isa = PBXFileReference; lastKnownFileType = image.png; path = "sample-401-globe.png"; sourceTree = "<group>"; };
		DEA5A2F41A48FD8E00079845 /* sample-405-test-tube.png */ = {isa = PBXFileReference; lastKnownFileType = image.png; path = "sample-405-test-tube.png"; sourceTree = "<group>"; };
		DEA5A2F51A48FD8E00079845 /* sample-504-doghouse.png */ = {isa = PBXFileReference; lastKnownFileType = image.png; path = "sample-504-doghouse.png"; sourceTree = "<group>"; };
		DEA5A2F61A48FD8E00079845 /* sample-518-filter.png */ = {isa = PBXFileReference; lastKnownFileType = image.png; path = "sample-518-filter.png"; sourceTree = "<group>"; };
		DEA5A2F71A48FD8E00079845 /* sample-552-flag-1.png */ = {isa = PBXFileReference; lastKnownFileType = image.png; path = "sample-552-flag-1.png"; sourceTree = "<group>"; };
		DEA5A2F81A48FD8E00079845 /* sample-583-broadcast.png */ = {isa = PBXFileReference; lastKnownFileType = image.png; path = "sample-583-broadcast.png"; sourceTree = "<group>"; };
		DEA5A2F91A48FD8E00079845 /* sample-603-anchor.png */ = {isa = PBXFileReference; lastKnownFileType = image.png; path = "sample-603-anchor.png"; sourceTree = "<group>"; };
		DEA5A2FA1A48FD8E00079845 /* sample-776-recycle@2x.png */ = {isa = PBXFileReference; lastKnownFileType = image.png; path = "sample-776-recycle@2x.png"; sourceTree = "<group>"; };
		DEA5A2FB1A48FD8E00079845 /* sample-820-bathtub@2x.png */ = {isa = PBXFileReference; lastKnownFileType = image.png; path = "sample-820-bathtub@2x.png"; sourceTree = "<group>"; };
		DEA5A2FC1A48FD8E00079845 /* sample-821-stamp@2x.png */ = {isa = PBXFileReference; lastKnownFileType = image.png; path = "sample-821-stamp@2x.png"; sourceTree = "<group>"; };
		DEA5A2FD1A48FD8E00079845 /* sample-834-bolt@2x.png */ = {isa = PBXFileReference; lastKnownFileType = image.png; path = "sample-834-bolt@2x.png"; sourceTree = "<group>"; };
		DEA5A2FE1A48FD8E00079845 /* sample-844-trumpet@2x.png */ = {isa = PBXFileReference; lastKnownFileType = image.png; path = "sample-844-trumpet@2x.png"; sourceTree = "<group>"; };
		DEA5A2FF1A48FD8E00079845 /* sample-853-fence@2x.png */ = {isa = PBXFileReference; lastKnownFileType = image.png; path = "sample-853-fence@2x.png"; sourceTree = "<group>"; };
		DEA5A3001A48FD8E00079845 /* sample-855-door@2x.png */ = {isa = PBXFileReference; lastKnownFileType = image.png; path = "sample-855-door@2x.png"; sourceTree = "<group>"; };
		DEA5A3011A48FD8E00079845 /* sample-881-globe@2x.png */ = {isa = PBXFileReference; lastKnownFileType = image.png; path = "sample-881-globe@2x.png"; sourceTree = "<group>"; };
		DEA5A3021A48FD8E00079845 /* sample-886-ice-cream-cone@2x.png */ = {isa = PBXFileReference; lastKnownFileType = image.png; path = "sample-886-ice-cream-cone@2x.png"; sourceTree = "<group>"; };
		DEA5A3031A48FD8E00079845 /* sample-894-t-shirt@2x.png */ = {isa = PBXFileReference; lastKnownFileType = image.png; path = "sample-894-t-shirt@2x.png"; sourceTree = "<group>"; };
		DEA5A3041A48FD8E00079845 /* sample-908-target@2x.png */ = {isa = PBXFileReference; lastKnownFileType = image.png; path = "sample-908-target@2x.png"; sourceTree = "<group>"; };
		DEA5A3051A48FD8E00079845 /* sample-920-handbag@2x.png */ = {isa = PBXFileReference; lastKnownFileType = image.png; path = "sample-920-handbag@2x.png"; sourceTree = "<group>"; };
		DEA5A3061A48FD8E00079845 /* sample-935-power-socket@2x.png */ = {isa = PBXFileReference; lastKnownFileType = image.png; path = "sample-935-power-socket@2x.png"; sourceTree = "<group>"; };
		DEA5A3071A48FD8E00079845 /* sample-976-bow-and-arrow@2x.png */ = {isa = PBXFileReference; lastKnownFileType = image.png; path = "sample-976-bow-and-arrow@2x.png"; sourceTree = "<group>"; };
		DEA5A3081A48FD8E00079845 /* sample-986-ghost@2x.png */ = {isa = PBXFileReference; lastKnownFileType = image.png; path = "sample-986-ghost@2x.png"; sourceTree = "<group>"; };
		DEA5A3091A48FD8E00079845 /* sample-1004-voicemail@2x.png */ = {isa = PBXFileReference; lastKnownFileType = image.png; path = "sample-1004-voicemail@2x.png"; sourceTree = "<group>"; };
		DEA5A30A1A48FD8E00079845 /* sample-1012-sticky-note@2x.png */ = {isa = PBXFileReference; lastKnownFileType = image.png; path = "sample-1012-sticky-note@2x.png"; sourceTree = "<group>"; };
		DEA5A30B1A48FD8E00079845 /* sample-1013-hammer@2x.png */ = {isa = PBXFileReference; lastKnownFileType = image.png; path = "sample-1013-hammer@2x.png"; sourceTree = "<group>"; };
		DEA5A30C1A48FD8E00079845 /* sample-1040-checkmark@2x.png */ = {isa = PBXFileReference; lastKnownFileType = image.png; path = "sample-1040-checkmark@2x.png"; sourceTree = "<group>"; };
		DEA5A30D1A48FD8E00079845 /* sample-1049-at-sign@2x.png */ = {isa = PBXFileReference; lastKnownFileType = image.png; path = "sample-1049-at-sign@2x.png"; sourceTree = "<group>"; };
		DEA5A30E1A48FD8E00079845 /* sample-1055-ticket@2x.png */ = {isa = PBXFileReference; lastKnownFileType = image.png; path = "sample-1055-ticket@2x.png"; sourceTree = "<group>"; };
		DEA5A30F1A48FD8E00079845 /* sample-1067-enter-fullscreen@2x.png */ = {isa = PBXFileReference; lastKnownFileType = image.png; path = "sample-1067-enter-fullscreen@2x.png"; sourceTree = "<group>"; };
		DEA5A3101A48FD8E00079845 /* sample-1079-fork-path@2x.png */ = {isa = PBXFileReference; lastKnownFileType = image.png; path = "sample-1079-fork-path@2x.png"; sourceTree = "<group>"; };
		DEA5A3111A48FD8E00079845 /* sample-1082-merge@2x.png */ = {isa = PBXFileReference; lastKnownFileType = image.png; path = "sample-1082-merge@2x.png"; sourceTree = "<group>"; };
		DEA5A3121A48FD8E00079845 /* sample-1093-lightning-bolt-2@2x.png */ = {isa = PBXFileReference; lastKnownFileType = image.png; path = "sample-1093-lightning-bolt-2@2x.png"; sourceTree = "<group>"; };
		DEA5A3131A48FD8E00079845 /* sample-1111-flick-left@2x.png */ = {isa = PBXFileReference; lastKnownFileType = image.png; path = "sample-1111-flick-left@2x.png"; sourceTree = "<group>"; };
		DEA5A3141A48FD8E00079845 /* sample-1116-slayer-hand@2x.png */ = {isa = PBXFileReference; lastKnownFileType = image.png; path = "sample-1116-slayer-hand@2x.png"; sourceTree = "<group>"; };
		DEA5A3151A48FD8E00079845 /* sample-1144-baseball-helmet@2x.png */ = {isa = PBXFileReference; lastKnownFileType = image.png; path = "sample-1144-baseball-helmet@2x.png"; sourceTree = "<group>"; };
		DEA5A3161A48FD8E00079845 /* sample-1189-snake@2x.png */ = {isa = PBXFileReference; lastKnownFileType = image.png; path = "sample-1189-snake@2x.png"; sourceTree = "<group>"; };
		DEA5A3171A48FD8E00079845 /* sample-1240-group-error@2x.png */ = {isa = PBXFileReference; lastKnownFileType = image.png; path = "sample-1240-group-error@2x.png"; sourceTree = "<group>"; };
/* End PBXFileReference section */

/* Begin PBXFrameworksBuildPhase section */
		DEA5A2BD1A48FC8E00079845 /* Frameworks */ = {
			isa = PBXFrameworksBuildPhase;
			buildActionMask = 2147483647;
			files = (
			);
			runOnlyForDeploymentPostprocessing = 0;
		};
		DEA5A2D21A48FC8F00079845 /* Frameworks */ = {
			isa = PBXFrameworksBuildPhase;
			buildActionMask = 2147483647;
			files = (
			);
			runOnlyForDeploymentPostprocessing = 0;
		};
/* End PBXFrameworksBuildPhase section */

/* Begin PBXGroup section */
		DEA5A2B71A48FC8E00079845 = {
			isa = PBXGroup;
			children = (
				DEA5A2C21A48FC8E00079845 /* 22 */,
				DEA5A2D81A48FC8F00079845 /* 22Tests */,
				DEA5A2C11A48FC8E00079845 /* Products */,
			);
			sourceTree = "<group>";
		};
		DEA5A2C11A48FC8E00079845 /* Products */ = {
			isa = PBXGroup;
			children = (
				DEA5A2C01A48FC8E00079845 /* 22.app */,
				DEA5A2D51A48FC8F00079845 /* 22Tests.xctest */,
			);
			name = Products;
			sourceTree = "<group>";
		};
		DEA5A2C21A48FC8E00079845 /* 22 */ = {
			isa = PBXGroup;
			children = (
				DEA5A2C51A48FC8E00079845 /* AppDelegate.swift */,
				DEA5A2E51A48FD2D00079845 /* icons */,
				DEA5A2C71A48FC8E00079845 /* ViewController.swift */,
				DEA5A2C91A48FC8F00079845 /* Main.storyboard */,
				DEA5A2CC1A48FC8F00079845 /* Images.xcassets */,
				DEA5A2CE1A48FC8F00079845 /* LaunchScreen.xib */,
				DEA5A2C31A48FC8E00079845 /* Supporting Files */,
			);
			path = 22;
			sourceTree = "<group>";
		};
		DEA5A2C31A48FC8E00079845 /* Supporting Files */ = {
			isa = PBXGroup;
			children = (
				DEA5A2C41A48FC8E00079845 /* Info.plist */,
			);
			name = "Supporting Files";
			sourceTree = "<group>";
		};
		DEA5A2D81A48FC8F00079845 /* 22Tests */ = {
			isa = PBXGroup;
			children = (
				DEA5A2DB1A48FC8F00079845 /* _2Tests.swift */,
				DEA5A2D91A48FC8F00079845 /* Supporting Files */,
			);
			path = 22Tests;
			sourceTree = "<group>";
		};
		DEA5A2D91A48FC8F00079845 /* Supporting Files */ = {
			isa = PBXGroup;
			children = (
				DEA5A2DA1A48FC8F00079845 /* Info.plist */,
			);
			name = "Supporting Files";
			sourceTree = "<group>";
		};
		DEA5A2E51A48FD2D00079845 /* icons */ = {
			isa = PBXGroup;
			children = (
				DEA5A2E61A48FD8E00079845 /* sample-01-refresh.png */,
				DEA5A2E71A48FD8E00079845 /* sample-02-redo.png */,
				DEA5A2E81A48FD8E00079845 /* sample-03-loopback.png */,
				DEA5A2E91A48FD8E00079845 /* sample-04-squiggle.png */,
				DEA5A2EA1A48FD8E00079845 /* sample-05-shuffle.png */,
				DEA5A2EB1A48FD8E00079845 /* sample-302-swords.png */,
				DEA5A2EC1A48FD8E00079845 /* sample-305-palm-tree.png */,
				DEA5A2ED1A48FD8E00079845 /* sample-307-atom.png */,
				DEA5A2EE1A48FD8E00079845 /* sample-316-truck.png */,
				DEA5A2EF1A48FD8E00079845 /* sample-321-like.png */,
				DEA5A2F01A48FD8E00079845 /* sample-335-magic-wand.png */,
				DEA5A2F11A48FD8E00079845 /* sample-379-barbell.png */,
				DEA5A2F21A48FD8E00079845 /* sample-394-bank.png */,
				DEA5A2F31A48FD8E00079845 /* sample-401-globe.png */,
				DEA5A2F41A48FD8E00079845 /* sample-405-test-tube.png */,
				DEA5A2F51A48FD8E00079845 /* sample-504-doghouse.png */,
				DEA5A2F61A48FD8E00079845 /* sample-518-filter.png */,
				DEA5A2F71A48FD8E00079845 /* sample-552-flag-1.png */,
				DEA5A2F81A48FD8E00079845 /* sample-583-broadcast.png */,
				DEA5A2F91A48FD8E00079845 /* sample-603-anchor.png */,
				DEA5A2FA1A48FD8E00079845 /* sample-776-recycle@2x.png */,
				DEA5A2FB1A48FD8E00079845 /* sample-820-bathtub@2x.png */,
				DEA5A2FC1A48FD8E00079845 /* sample-821-stamp@2x.png */,
				DEA5A2FD1A48FD8E00079845 /* sample-834-bolt@2x.png */,
				DEA5A2FE1A48FD8E00079845 /* sample-844-trumpet@2x.png */,
				DEA5A2FF1A48FD8E00079845 /* sample-853-fence@2x.png */,
				DEA5A3001A48FD8E00079845 /* sample-855-door@2x.png */,
				DEA5A3011A48FD8E00079845 /* sample-881-globe@2x.png */,
				DEA5A3021A48FD8E00079845 /* sample-886-ice-cream-cone@2x.png */,
				DEA5A3031A48FD8E00079845 /* sample-894-t-shirt@2x.png */,
				DEA5A3041A48FD8E00079845 /* sample-908-target@2x.png */,
				DEA5A3051A48FD8E00079845 /* sample-920-handbag@2x.png */,
				DEA5A3061A48FD8E00079845 /* sample-935-power-socket@2x.png */,
				DEA5A3071A48FD8E00079845 /* sample-976-bow-and-arrow@2x.png */,
				DEA5A3081A48FD8E00079845 /* sample-986-ghost@2x.png */,
				DEA5A3091A48FD8E00079845 /* sample-1004-voicemail@2x.png */,
				DEA5A30A1A48FD8E00079845 /* sample-1012-sticky-note@2x.png */,
				DEA5A30B1A48FD8E00079845 /* sample-1013-hammer@2x.png */,
				DEA5A30C1A48FD8E00079845 /* sample-1040-checkmark@2x.png */,
				DEA5A30D1A48FD8E00079845 /* sample-1049-at-sign@2x.png */,
				DEA5A30E1A48FD8E00079845 /* sample-1055-ticket@2x.png */,
				DEA5A30F1A48FD8E00079845 /* sample-1067-enter-fullscreen@2x.png */,
				DEA5A3101A48FD8E00079845 /* sample-1079-fork-path@2x.png */,
				DEA5A3111A48FD8E00079845 /* sample-1082-merge@2x.png */,
				DEA5A3121A48FD8E00079845 /* sample-1093-lightning-bolt-2@2x.png */,
				DEA5A3131A48FD8E00079845 /* sample-1111-flick-left@2x.png */,
				DEA5A3141A48FD8E00079845 /* sample-1116-slayer-hand@2x.png */,
				DEA5A3151A48FD8E00079845 /* sample-1144-baseball-helmet@2x.png */,
				DEA5A3161A48FD8E00079845 /* sample-1189-snake@2x.png */,
				DEA5A3171A48FD8E00079845 /* sample-1240-group-error@2x.png */,
			);
			name = icons;
			sourceTree = "<group>";
		};
/* End PBXGroup section */

/* Begin PBXNativeTarget section */
		DEA5A2BF1A48FC8E00079845 /* 22 */ = {
			isa = PBXNativeTarget;
			buildConfigurationList = DEA5A2DF1A48FC8F00079845 /* Build configuration list for PBXNativeTarget "22" */;
			buildPhases = (
				DEA5A2BC1A48FC8E00079845 /* Sources */,
				DEA5A2BD1A48FC8E00079845 /* Frameworks */,
				DEA5A2BE1A48FC8E00079845 /* Resources */,
			);
			buildRules = (
			);
			dependencies = (
			);
			name = 22;
			productName = 22;
			productReference = DEA5A2C01A48FC8E00079845 /* 22.app */;
			productType = "com.apple.product-type.application";
		};
		DEA5A2D41A48FC8F00079845 /* 22Tests */ = {
			isa = PBXNativeTarget;
			buildConfigurationList = DEA5A2E21A48FC8F00079845 /* Build configuration list for PBXNativeTarget "22Tests" */;
			buildPhases = (
				DEA5A2D11A48FC8F00079845 /* Sources */,
				DEA5A2D21A48FC8F00079845 /* Frameworks */,
				DEA5A2D31A48FC8F00079845 /* Resources */,
			);
			buildRules = (
			);
			dependencies = (
				DEA5A2D71A48FC8F00079845 /* PBXTargetDependency */,
			);
			name = 22Tests;
			productName = 22Tests;
			productReference = DEA5A2D51A48FC8F00079845 /* 22Tests.xctest */;
			productType = "com.apple.product-type.bundle.unit-test";
		};
/* End PBXNativeTarget section */

/* Begin PBXProject section */
		DEA5A2B81A48FC8E00079845 /* Project object */ = {
			isa = PBXProject;
			attributes = {
				LastUpgradeCheck = 0610;
				ORGANIZATIONNAME = "Anthony Walasik";
				TargetAttributes = {
					DEA5A2BF1A48FC8E00079845 = {
						CreatedOnToolsVersion = 6.1.1;
					};
					DEA5A2D41A48FC8F00079845 = {
						CreatedOnToolsVersion = 6.1.1;
						TestTargetID = DEA5A2BF1A48FC8E00079845;
					};
				};
			};
			buildConfigurationList = DEA5A2BB1A48FC8E00079845 /* Build configuration list for PBXProject "22" */;
			compatibilityVersion = "Xcode 3.2";
			developmentRegion = English;
			hasScannedForEncodings = 0;
			knownRegions = (
				en,
				Base,
			);
			mainGroup = DEA5A2B71A48FC8E00079845;
			productRefGroup = DEA5A2C11A48FC8E00079845 /* Products */;
			projectDirPath = "";
			projectRoot = "";
			targets = (
				DEA5A2BF1A48FC8E00079845 /* 22 */,
				DEA5A2D41A48FC8F00079845 /* 22Tests */,
			);
		};
/* End PBXProject section */

/* Begin PBXResourcesBuildPhase section */
		DEA5A2BE1A48FC8E00079845 /* Resources */ = {
			isa = PBXResourcesBuildPhase;
			buildActionMask = 2147483647;
			files = (
				DEA5A3471A48FD8E00079845 /* sample-1144-baseball-helmet@2x.png in Resources */,
				DEA5A33F1A48FD8E00079845 /* sample-1049-at-sign@2x.png in Resources */,
				DEA5A3231A48FD8E00079845 /* sample-379-barbell.png in Resources */,
				DEA5A31B1A48FD8E00079845 /* sample-04-squiggle.png in Resources */,
				DEA5A3191A48FD8E00079845 /* sample-02-redo.png in Resources */,
				DEA5A33E1A48FD8E00079845 /* sample-1040-checkmark@2x.png in Resources */,
				DEA5A3371A48FD8E00079845 /* sample-920-handbag@2x.png in Resources */,
				DEA5A31E1A48FD8E00079845 /* sample-305-palm-tree.png in Resources */,
				DEA5A3181A48FD8E00079845 /* sample-01-refresh.png in Resources */,
				DEA5A3391A48FD8E00079845 /* sample-976-bow-and-arrow@2x.png in Resources */,
				DEA5A3331A48FD8E00079845 /* sample-881-globe@2x.png in Resources */,
				DEA5A32C1A48FD8E00079845 /* sample-776-recycle@2x.png in Resources */,
				DEA5A2CB1A48FC8F00079845 /* Main.storyboard in Resources */,
				DEA5A3301A48FD8E00079845 /* sample-844-trumpet@2x.png in Resources */,
				DEA5A31A1A48FD8E00079845 /* sample-03-loopback.png in Resources */,
				DEA5A3211A48FD8E00079845 /* sample-321-like.png in Resources */,
				DEA5A3251A48FD8E00079845 /* sample-401-globe.png in Resources */,
				DEA5A31F1A48FD8E00079845 /* sample-307-atom.png in Resources */,
				DEA5A3491A48FD8E00079845 /* sample-1240-group-error@2x.png in Resources */,
				DEA5A2D01A48FC8F00079845 /* LaunchScreen.xib in Resources */,
				DEA5A3381A48FD8E00079845 /* sample-935-power-socket@2x.png in Resources */,
				DEA5A3341A48FD8E00079845 /* sample-886-ice-cream-cone@2x.png in Resources */,
				DEA5A32F1A48FD8E00079845 /* sample-834-bolt@2x.png in Resources */,
				DEA5A3261A48FD8E00079845 /* sample-405-test-tube.png in Resources */,
				DEA5A32B1A48FD8E00079845 /* sample-603-anchor.png in Resources */,
				DEA5A3281A48FD8E00079845 /* sample-518-filter.png in Resources */,
				DEA5A3351A48FD8E00079845 /* sample-894-t-shirt@2x.png in Resources */,
				DEA5A31C1A48FD8E00079845 /* sample-05-shuffle.png in Resources */,
				DEA5A3441A48FD8E00079845 /* sample-1093-lightning-bolt-2@2x.png in Resources */,
				DEA5A3421A48FD8E00079845 /* sample-1079-fork-path@2x.png in Resources */,
				DEA5A3291A48FD8E00079845 /* sample-552-flag-1.png in Resources */,
				DEA5A31D1A48FD8E00079845 /* sample-302-swords.png in Resources */,
				DEA5A3461A48FD8E00079845 /* sample-1116-slayer-hand@2x.png in Resources */,
				DEA5A3221A48FD8E00079845 /* sample-335-magic-wand.png in Resources */,
				DEA5A3451A48FD8E00079845 /* sample-1111-flick-left@2x.png in Resources */,
				DEA5A3271A48FD8E00079845 /* sample-504-doghouse.png in Resources */,
				DEA5A3361A48FD8E00079845 /* sample-908-target@2x.png in Resources */,
				DEA5A3411A48FD8E00079845 /* sample-1067-enter-fullscreen@2x.png in Resources */,
				DEA5A33C1A48FD8E00079845 /* sample-1012-sticky-note@2x.png in Resources */,
				DEA5A32A1A48FD8E00079845 /* sample-583-broadcast.png in Resources */,
				DEA5A33A1A48FD8E00079845 /* sample-986-ghost@2x.png in Resources */,
				DEA5A33D1A48FD8E00079845 /* sample-1013-hammer@2x.png in Resources */,
				DEA5A3321A48FD8E00079845 /* sample-855-door@2x.png in Resources */,
				DEA5A3481A48FD8E00079845 /* sample-1189-snake@2x.png in Resources */,
				DEA5A3201A48FD8E00079845 /* sample-316-truck.png in Resources */,
				DEA5A3401A48FD8E00079845 /* sample-1055-ticket@2x.png in Resources */,
				DEA5A3241A48FD8E00079845 /* sample-394-bank.png in Resources */,
				DEA5A32D1A48FD8E00079845 /* sample-820-bathtub@2x.png in Resources */,
				DEA5A32E1A48FD8E00079845 /* sample-821-stamp@2x.png in Resources */,
				DEA5A3311A48FD8E00079845 /* sample-853-fence@2x.png in Resources */,
				DEA5A2CD1A48FC8F00079845 /* Images.xcassets in Resources */,
				DEA5A3431A48FD8E00079845 /* sample-1082-merge@2x.png in Resources */,
				DEA5A33B1A48FD8E00079845 /* sample-1004-voicemail@2x.png in Resources */,
			);
			runOnlyForDeploymentPostprocessing = 0;
		};
		DEA5A2D31A48FC8F00079845 /* Resources */ = {
			isa = PBXResourcesBuildPhase;
			buildActionMask = 2147483647;
			files = (
			);
			runOnlyForDeploymentPostprocessing = 0;
		};
/* End PBXResourcesBuildPhase section */

/* Begin PBXSourcesBuildPhase section */
		DEA5A2BC1A48FC8E00079845 /* Sources */ = {
			isa = PBXSourcesBuildPhase;
			buildActionMask = 2147483647;
			files = (
				DEA5A2C81A48FC8E00079845 /* ViewController.swift in Sources */,
				DEA5A2C61A48FC8E00079845 /* AppDelegate.swift in Sources */,
			);
			runOnlyForDeploymentPostprocessing = 0;
		};
		DEA5A2D11A48FC8F00079845 /* Sources */ = {
			isa = PBXSourcesBuildPhase;
			buildActionMask = 2147483647;
			files = (
				DEA5A2DC1A48FC8F00079845 /* _2Tests.swift in Sources */,
			);
			runOnlyForDeploymentPostprocessing = 0;
		};
/* End PBXSourcesBuildPhase section */

/* Begin PBXTargetDependency section */
		DEA5A2D71A48FC8F00079845 /* PBXTargetDependency */ = {
			isa = PBXTargetDependency;
			target = DEA5A2BF1A48FC8E00079845 /* 22 */;
			targetProxy = DEA5A2D61A48FC8F00079845 /* PBXContainerItemProxy */;
		};
/* End PBXTargetDependency section */

/* Begin PBXVariantGroup section */
		DEA5A2C91A48FC8F00079845 /* Main.storyboard */ = {
			isa = PBXVariantGroup;
			children = (
				DEA5A2CA1A48FC8F00079845 /* Base */,
			);
			name = Main.storyboard;
			sourceTree = "<group>";
		};
		DEA5A2CE1A48FC8F00079845 /* LaunchScreen.xib */ = {
			isa = PBXVariantGroup;
			children = (
				DEA5A2CF1A48FC8F00079845 /* Base */,
			);
			name = LaunchScreen.xib;
			sourceTree = "<group>";
		};
/* End PBXVariantGroup section */

/* Begin XCBuildConfiguration section */
		DEA5A2DD1A48FC8F00079845 /* Debug */ = {
			isa = XCBuildConfiguration;
			buildSettings = {
				ALWAYS_SEARCH_USER_PATHS = NO;
				CLANG_CXX_LANGUAGE_STANDARD = "gnu++0x";
				CLANG_CXX_LIBRARY = "libc++";
				CLANG_ENABLE_MODULES = YES;
				CLANG_ENABLE_OBJC_ARC = YES;
				CLANG_WARN_BOOL_CONVERSION = YES;
				CLANG_WARN_CONSTANT_CONVERSION = YES;
				CLANG_WARN_DIRECT_OBJC_ISA_USAGE = YES_ERROR;
				CLANG_WARN_EMPTY_BODY = YES;
				CLANG_WARN_ENUM_CONVERSION = YES;
				CLANG_WARN_INT_CONVERSION = YES;
				CLANG_WARN_OBJC_ROOT_CLASS = YES_ERROR;
				CLANG_WARN_UNREACHABLE_CODE = YES;
				CLANG_WARN__DUPLICATE_METHOD_MATCH = YES;
				"CODE_SIGN_IDENTITY[sdk=iphoneos*]" = "iPhone Developer";
				COPY_PHASE_STRIP = NO;
				ENABLE_STRICT_OBJC_MSGSEND = YES;
				GCC_C_LANGUAGE_STANDARD = gnu99;
				GCC_DYNAMIC_NO_PIC = NO;
				GCC_OPTIMIZATION_LEVEL = 0;
				GCC_PREPROCESSOR_DEFINITIONS = (
					"DEBUG=1",
					"$(inherited)",
				);
				GCC_SYMBOLS_PRIVATE_EXTERN = NO;
				GCC_WARN_64_TO_32_BIT_CONVERSION = YES;
				GCC_WARN_ABOUT_RETURN_TYPE = YES_ERROR;
				GCC_WARN_UNDECLARED_SELECTOR = YES;
				GCC_WARN_UNINITIALIZED_AUTOS = YES_AGGRESSIVE;
				GCC_WARN_UNUSED_FUNCTION = YES;
				GCC_WARN_UNUSED_VARIABLE = YES;
				IPHONEOS_DEPLOYMENT_TARGET = 8.1;
				MTL_ENABLE_DEBUG_INFO = YES;
				ONLY_ACTIVE_ARCH = YES;
				SDKROOT = iphoneos;
				SWIFT_OPTIMIZATION_LEVEL = "-Onone";
			};
			name = Debug;
		};
		DEA5A2DE1A48FC8F00079845 /* Release */ = {
			isa = XCBuildConfiguration;
			buildSettings = {
				ALWAYS_SEARCH_USER_PATHS = NO;
				CLANG_CXX_LANGUAGE_STANDARD = "gnu++0x";
				CLANG_CXX_LIBRARY = "libc++";
				CLANG_ENABLE_MODULES = YES;
				CLANG_ENABLE_OBJC_ARC = YES;
				CLANG_WARN_BOOL_CONVERSION = YES;
				CLANG_WARN_CONSTANT_CONVERSION = YES;
				CLANG_WARN_DIRECT_OBJC_ISA_USAGE = YES_ERROR;
				CLANG_WARN_EMPTY_BODY = YES;
				CLANG_WARN_ENUM_CONVERSION = YES;
				CLANG_WARN_INT_CONVERSION = YES;
				CLANG_WARN_OBJC_ROOT_CLASS = YES_ERROR;
				CLANG_WARN_UNREACHABLE_CODE = YES;
				CLANG_WARN__DUPLICATE_METHOD_MATCH = YES;
				"CODE_SIGN_IDENTITY[sdk=iphoneos*]" = "iPhone Developer";
				COPY_PHASE_STRIP = YES;
				ENABLE_NS_ASSERTIONS = NO;
				ENABLE_STRICT_OBJC_MSGSEND = YES;
				GCC_C_LANGUAGE_STANDARD = gnu99;
				GCC_WARN_64_TO_32_BIT_CONVERSION = YES;
				GCC_WARN_ABOUT_RETURN_TYPE = YES_ERROR;
				GCC_WARN_UNDECLARED_SELECTOR = YES;
				GCC_WARN_UNINITIALIZED_AUTOS = YES_AGGRESSIVE;
				GCC_WARN_UNUSED_FUNCTION = YES;
				GCC_WARN_UNUSED_VARIABLE = YES;
				IPHONEOS_DEPLOYMENT_TARGET = 8.1;
				MTL_ENABLE_DEBUG_INFO = NO;
				SDKROOT = iphoneos;
				VALIDATE_PRODUCT = YES;
			};
			name = Release;
		};
		DEA5A2E01A48FC8F00079845 /* Debug */ = {
			isa = XCBuildConfiguration;
			buildSettings = {
				ASSETCATALOG_COMPILER_APPICON_NAME = AppIcon;
				INFOPLIST_FILE = 22/Info.plist;
				LD_RUNPATH_SEARCH_PATHS = "$(inherited) @executable_path/Frameworks";
				PRODUCT_NAME = "$(TARGET_NAME)";
			};
			name = Debug;
		};
		DEA5A2E11A48FC8F00079845 /* Release */ = {
			isa = XCBuildConfiguration;
			buildSettings = {
				ASSETCATALOG_COMPILER_APPICON_NAME = AppIcon;
				INFOPLIST_FILE = 22/Info.plist;
				LD_RUNPATH_SEARCH_PATHS = "$(inherited) @executable_path/Frameworks";
				PRODUCT_NAME = "$(TARGET_NAME)";
			};
			name = Release;
		};
		DEA5A2E31A48FC8F00079845 /* Debug */ = {
			isa = XCBuildConfiguration;
			buildSettings = {
				BUNDLE_LOADER = "$(TEST_HOST)";
				FRAMEWORK_SEARCH_PATHS = (
					"$(SDKROOT)/Developer/Library/Frameworks",
					"$(inherited)",
				);
				GCC_PREPROCESSOR_DEFINITIONS = (
					"DEBUG=1",
					"$(inherited)",
				);
				INFOPLIST_FILE = 22Tests/Info.plist;
				LD_RUNPATH_SEARCH_PATHS = "$(inherited) @executable_path/Frameworks @loader_path/Frameworks";
				PRODUCT_NAME = "$(TARGET_NAME)";
				TEST_HOST = "$(BUILT_PRODUCTS_DIR)/22.app/22";
			};
			name = Debug;
		};
		DEA5A2E41A48FC8F00079845 /* Release */ = {
			isa = XCBuildConfiguration;
			buildSettings = {
				BUNDLE_LOADER = "$(TEST_HOST)";
				FRAMEWORK_SEARCH_PATHS = (
					"$(SDKROOT)/Developer/Library/Frameworks",
					"$(inherited)",
				);
				INFOPLIST_FILE = 22Tests/Info.plist;
				LD_RUNPATH_SEARCH_PATHS = "$(inherited) @executable_path/Frameworks @loader_path/Frameworks";
				PRODUCT_NAME = "$(TARGET_NAME)";
				TEST_HOST = "$(BUILT_PRODUCTS_DIR)/22.app/22";
			};
			name = Release;
		};
/* End XCBuildConfiguration section */

/* Begin XCConfigurationList section */
		DEA5A2BB1A48FC8E00079845 /* Build configuration list for PBXProject "22" */ = {
			isa = XCConfigurationList;
			buildConfigurations = (
				DEA5A2DD1A48FC8F00079845 /* Debug */,
				DEA5A2DE1A48FC8F00079845 /* Release */,
			);
			defaultConfigurationIsVisible = 0;
			defaultConfigurationName = Release;
		};
		DEA5A2DF1A48FC8F00079845 /* Build configuration list for PBXNativeTarget "22" */ = {
			isa = XCConfigurationList;
			buildConfigurations = (
				DEA5A2E01A48FC8F00079845 /* Debug */,
				DEA5A2E11A48FC8F00079845 /* Release */,
			);
			defaultConfigurationIsVisible = 0;
		};
		DEA5A2E21A48FC8F00079845 /* Build configuration list for PBXNativeTarget "22Tests" */ = {
			isa = XCConfigurationList;
			buildConfigurations = (
				DEA5A2E31A48FC8F00079845 /* Debug */,
				DEA5A2E41A48FC8F00079845 /* Release */,
			);
			defaultConfigurationIsVisible = 0;
		};
/* End XCConfigurationList section */
	};
	rootObject = DEA5A2B81A48FC8E00079845 /* Project object */;
}
